<Solution>
  <Folder Name="/src/">
    <Project Path="src/TinyClips.App/TinyClips.App.csproj" />
    <Project Path="src/TinyClips.Core/TinyClips.Core.csproj" />
  </Folder>
  <Folder Name="/tests/">
    <Project Path="tests/TinyClips.Core.Tests/TinyClips.Core.Tests.csproj" />
  </Folder>
</Solution>
